
Microsoft Visual Studio Solution File, Format Version 12.00
# Visual Studio 14
VisualStudioVersion = 14.0.25123.0
MinimumVisualStudioVersion = 10.0.40219.1
Project("{FAE04EC0-301F-11D3-BF4B-00C04F79EFBC}") = "ConsoleApplication1Karl", "ConsoleApplication1Karl\ConsoleApplication1Karl.csproj", "{F22E985A-AA42-4897-AABE-A95298F1EAAF}"
EndProject
Project("{FAE04EC0-301F-11D3-BF4B-00C04F79EFBC}") = "UnitTestProject1", "UnitTestProject1\UnitTestProject1.csproj", "{127495EB-A342-4539-AF3C-BE592FED5EB6}"
EndProject
Global
	GlobalSection(SolutionConfigurationPlatforms) = preSolution
		Debug|Any CPU = Debug|Any CPU
		Release|Any CPU = Release|Any CPU
	EndGlobalSection
	GlobalSection(ProjectConfigurationPlatforms) = postSolution
		{F22E985A-AA42-4897-AABE-A95298F1EAAF}.Debug|Any CPU.ActiveCfg = Debug|Any CPU
		{F22E985A-AA42-4897-AABE-A95298F1EAAF}.Debug|Any CPU.Build.0 = Debug|Any CPU
		{F22E985A-AA42-4897-AABE-A95298F1EAAF}.Release|Any CPU.ActiveCfg = Release|Any CPU
		{F22E985A-AA42-4897-AABE-A95298F1EAAF}.Release|Any CPU.Build.0 = Release|Any CPU
		{127495EB-A342-4539-AF3C-BE592FED5EB6}.Debug|Any CPU.ActiveCfg = Debug|Any CPU
		{127495EB-A342-4539-AF3C-BE592FED5EB6}.Debug|Any CPU.Build.0 = Debug|Any CPU
		{127495EB-A342-4539-AF3C-BE592FED5EB6}.Release|Any CPU.ActiveCfg = Release|Any CPU
		{127495EB-A342-4539-AF3C-BE592FED5EB6}.Release|Any CPU.Build.0 = Release|Any CPU
	EndGlobalSection
	GlobalSection(SolutionProperties) = preSolution
		HideSolutionNode = FALSE
	EndGlobalSection
EndGlobal
